
Microsoft Visual Studio Solution File, Format Version 12.00
# Visual Studio 15
VisualStudioVersion = 15.0.28307.168
MinimumVisualStudioVersion = 10.0.40219.1
Project("{FAE04EC0-301F-11D3-BF4B-00C04F79EFBC}") = "CommonHelper", "CommonHelper\CommonHelper.csproj", "{25655489-3BBB-47F7-8549-8053EEE57BAC}"
EndProject
Project("{FAE04EC0-301F-11D3-BF4B-00C04F79EFBC}") = "WebDriverHelper", "WebDriverHelper\WebDriverHelper.csproj", "{F3809675-1213-4AD9-92E2-C6924DE06175}"
EndProject
Project("{FAE04EC0-301F-11D3-BF4B-00C04F79EFBC}") = "OrangeHRM", "OrangeHRM\OrangeHRM.csproj", "{70E780B3-181F-45B6-9246-041AE3CFF866}"
EndProject
Project("{FAE04EC0-301F-11D3-BF4B-00C04F79EFBC}") = "OrangeHRMTest", "OrangeHRMTest\OrangeHRMTest.csproj", "{8E991BA9-9E0C-4492-9415-2CF98B3D4EDE}"
EndProject
Project("{FAE04EC0-301F-11D3-BF4B-00C04F79EFBC}") = "ConsoleApp1", "ConsoleApp1\ConsoleApp1.csproj", "{317A76AA-FABA-4813-B324-99A5C41CEADC}"
EndProject
Global
	GlobalSection(SolutionConfigurationPlatforms) = preSolution
		Debug|Any CPU = Debug|Any CPU
		Release|Any CPU = Release|Any CPU
	EndGlobalSection
	GlobalSection(ProjectConfigurationPlatforms) = postSolution
		{25655489-3BBB-47F7-8549-8053EEE57BAC}.Debug|Any CPU.ActiveCfg = Debug|Any CPU
		{25655489-3BBB-47F7-8549-8053EEE57BAC}.Debug|Any CPU.Build.0 = Debug|Any CPU
		{25655489-3BBB-47F7-8549-8053EEE57BAC}.Release|Any CPU.ActiveCfg = Release|Any CPU
		{25655489-3BBB-47F7-8549-8053EEE57BAC}.Release|Any CPU.Build.0 = Release|Any CPU
		{F3809675-1213-4AD9-92E2-C6924DE06175}.Debug|Any CPU.ActiveCfg = Debug|Any CPU
		{F3809675-1213-4AD9-92E2-C6924DE06175}.Debug|Any CPU.Build.0 = Debug|Any CPU
		{F3809675-1213-4AD9-92E2-C6924DE06175}.Release|Any CPU.ActiveCfg = Release|Any CPU
		{F3809675-1213-4AD9-92E2-C6924DE06175}.Release|Any CPU.Build.0 = Release|Any CPU
		{70E780B3-181F-45B6-9246-041AE3CFF866}.Debug|Any CPU.ActiveCfg = Debug|Any CPU
		{70E780B3-181F-45B6-9246-041AE3CFF866}.Debug|Any CPU.Build.0 = Debug|Any CPU
		{70E780B3-181F-45B6-9246-041AE3CFF866}.Release|Any CPU.ActiveCfg = Release|Any CPU
		{70E780B3-181F-45B6-9246-041AE3CFF866}.Release|Any CPU.Build.0 = Release|Any CPU
		{8E991BA9-9E0C-4492-9415-2CF98B3D4EDE}.Debug|Any CPU.ActiveCfg = Debug|Any CPU
		{8E991BA9-9E0C-4492-9415-2CF98B3D4EDE}.Debug|Any CPU.Build.0 = Debug|Any CPU
		{8E991BA9-9E0C-4492-9415-2CF98B3D4EDE}.Release|Any CPU.ActiveCfg = Release|Any CPU
		{8E991BA9-9E0C-4492-9415-2CF98B3D4EDE}.Release|Any CPU.Build.0 = Release|Any CPU
		{317A76AA-FABA-4813-B324-99A5C41CEADC}.Debug|Any CPU.ActiveCfg = Debug|Any CPU
		{317A76AA-FABA-4813-B324-99A5C41CEADC}.Debug|Any CPU.Build.0 = Debug|Any CPU
		{317A76AA-FABA-4813-B324-99A5C41CEADC}.Release|Any CPU.ActiveCfg = Release|Any CPU
		{317A76AA-FABA-4813-B324-99A5C41CEADC}.Release|Any CPU.Build.0 = Release|Any CPU
	EndGlobalSection
	GlobalSection(SolutionProperties) = preSolution
		HideSolutionNode = FALSE
	EndGlobalSection
	GlobalSection(ExtensibilityGlobals) = postSolution
		SolutionGuid = {833ADA58-182A-4B25-A301-ACD4440ED86D}
	EndGlobalSection
EndGlobal
